
Microsoft Visual Studio Solution File, Format Version 12.00
# Visual Studio Version 16
VisualStudioVersion = 16.0.31729.503
MinimumVisualStudioVersion = 10.0.40219.1
Project("{FAE04EC0-301F-11D3-BF4B-00C04F79EFBC}") = "WebQuanLyAN", "WebQuanLyAN\WebQuanLyAN.csproj", "{4956EC18-C185-4F16-BAB8-5765A8C70036}"
EndProject
Global
	GlobalSection(SolutionConfigurationPlatforms) = preSolution
		Debug|Any CPU = Debug|Any CPU
		Release|Any CPU = Release|Any CPU
	EndGlobalSection
	GlobalSection(ProjectConfigurationPlatforms) = postSolution
		{4956EC18-C185-4F16-BAB8-5765A8C70036}.Debug|Any CPU.ActiveCfg = Debug|Any CPU
		{4956EC18-C185-4F16-BAB8-5765A8C70036}.Debug|Any CPU.Build.0 = Debug|Any CPU
		{4956EC18-C185-4F16-BAB8-5765A8C70036}.Release|Any CPU.ActiveCfg = Release|Any CPU
		{4956EC18-C185-4F16-BAB8-5765A8C70036}.Release|Any CPU.Build.0 = Release|Any CPU
	EndGlobalSection
	GlobalSection(SolutionProperties) = preSolution
		HideSolutionNode = FALSE
	EndGlobalSection
	GlobalSection(ExtensibilityGlobals) = postSolution
		SolutionGuid = {259F7503-0875-4790-B885-1D2A0BC21D0F}
	EndGlobalSection
EndGlobal
